
Microsoft Visual Studio Solution File, Format Version 12.00
# Visual Studio 2013
VisualStudioVersion = 12.0.31101.0
MinimumVisualStudioVersion = 10.0.40219.1
Project("{FAE04EC0-301F-11D3-BF4B-00C04F79EFBC}") = "Singleton", "Singleton\Singleton.csproj", "{C51EEB55-693C-41D1-99BA-FA638D186487}"
EndProject
Project("{FAE04EC0-301F-11D3-BF4B-00C04F79EFBC}") = "Radio7.Unity.Decorators", "Radio7.Unity.Decorators\Radio7.Unity.Decorators.csproj", "{A682DC87-CB44-414E-A49C-268A9433F690}"
EndProject
Global
	GlobalSection(SolutionConfigurationPlatforms) = preSolution
		Debug|Any CPU = Debug|Any CPU
		Release|Any CPU = Release|Any CPU
	EndGlobalSection
	GlobalSection(ProjectConfigurationPlatforms) = postSolution
		{C51EEB55-693C-41D1-99BA-FA638D186487}.Debug|Any CPU.ActiveCfg = Debug|Any CPU
		{C51EEB55-693C-41D1-99BA-FA638D186487}.Debug|Any CPU.Build.0 = Debug|Any CPU
		{C51EEB55-693C-41D1-99BA-FA638D186487}.Release|Any CPU.ActiveCfg = Release|Any CPU
		{C51EEB55-693C-41D1-99BA-FA638D186487}.Release|Any CPU.Build.0 = Release|Any CPU
		{A682DC87-CB44-414E-A49C-268A9433F690}.Debug|Any CPU.ActiveCfg = Debug|Any CPU
		{A682DC87-CB44-414E-A49C-268A9433F690}.Debug|Any CPU.Build.0 = Debug|Any CPU
		{A682DC87-CB44-414E-A49C-268A9433F690}.Release|Any CPU.ActiveCfg = Release|Any CPU
		{A682DC87-CB44-414E-A49C-268A9433F690}.Release|Any CPU.Build.0 = Release|Any CPU
	EndGlobalSection
	GlobalSection(SolutionProperties) = preSolution
		HideSolutionNode = FALSE
	EndGlobalSection
	GlobalSection(ExtensibilityGlobals) = postSolution
		EnterpriseLibraryConfigurationToolBinariesPath = packages\Unity.2.1.505.2\lib\NET35
	EndGlobalSection
EndGlobal
